
Microsoft Visual Studio Solution File, Format Version 12.00
# Visual Studio 15
VisualStudioVersion = 15.0.27004.2010
MinimumVisualStudioVersion = 10.0.40219.1
Project("{FAE04EC0-301F-11D3-BF4B-00C04F79EFBC}") = "01 IntroduceYourself", "ConsoleApp1\01 IntroduceYourself.csproj", "{44B3BF17-C33C-4A93-931D-7FCDEAF31F0D}"
EndProject
Project("{FAE04EC0-301F-11D3-BF4B-00C04F79EFBC}") = "02 BankAccount", "02 BankAccount\02 BankAccount.csproj", "{4EC6E233-0397-459B-BADC-E08C9AD50DA4}"
EndProject
Project("{FAE04EC0-301F-11D3-BF4B-00C04F79EFBC}") = "03 TestClient", "03 TestClient\03 TestClient.csproj", "{BB33BCF0-7411-40C0-805E-8D6DF7D3FE9C}"
EndProject
Project("{FAE04EC0-301F-11D3-BF4B-00C04F79EFBC}") = "04 TheManAndHisMoney", "04 TheManAndHisMoney\04 TheManAndHisMoney.csproj", "{6D9BEC25-7C54-429F-B81D-5EC047B30AB0}"
EndProject
Global
	GlobalSection(SolutionConfigurationPlatforms) = preSolution
		Debug|Any CPU = Debug|Any CPU
		Release|Any CPU = Release|Any CPU
	EndGlobalSection
	GlobalSection(ProjectConfigurationPlatforms) = postSolution
		{44B3BF17-C33C-4A93-931D-7FCDEAF31F0D}.Debug|Any CPU.ActiveCfg = Debug|Any CPU
		{44B3BF17-C33C-4A93-931D-7FCDEAF31F0D}.Debug|Any CPU.Build.0 = Debug|Any CPU
		{44B3BF17-C33C-4A93-931D-7FCDEAF31F0D}.Release|Any CPU.ActiveCfg = Release|Any CPU
		{44B3BF17-C33C-4A93-931D-7FCDEAF31F0D}.Release|Any CPU.Build.0 = Release|Any CPU
		{4EC6E233-0397-459B-BADC-E08C9AD50DA4}.Debug|Any CPU.ActiveCfg = Debug|Any CPU
		{4EC6E233-0397-459B-BADC-E08C9AD50DA4}.Debug|Any CPU.Build.0 = Debug|Any CPU
		{4EC6E233-0397-459B-BADC-E08C9AD50DA4}.Release|Any CPU.ActiveCfg = Release|Any CPU
		{4EC6E233-0397-459B-BADC-E08C9AD50DA4}.Release|Any CPU.Build.0 = Release|Any CPU
		{BB33BCF0-7411-40C0-805E-8D6DF7D3FE9C}.Debug|Any CPU.ActiveCfg = Debug|Any CPU
		{BB33BCF0-7411-40C0-805E-8D6DF7D3FE9C}.Debug|Any CPU.Build.0 = Debug|Any CPU
		{BB33BCF0-7411-40C0-805E-8D6DF7D3FE9C}.Release|Any CPU.ActiveCfg = Release|Any CPU
		{BB33BCF0-7411-40C0-805E-8D6DF7D3FE9C}.Release|Any CPU.Build.0 = Release|Any CPU
		{6D9BEC25-7C54-429F-B81D-5EC047B30AB0}.Debug|Any CPU.ActiveCfg = Debug|Any CPU
		{6D9BEC25-7C54-429F-B81D-5EC047B30AB0}.Debug|Any CPU.Build.0 = Debug|Any CPU
		{6D9BEC25-7C54-429F-B81D-5EC047B30AB0}.Release|Any CPU.ActiveCfg = Release|Any CPU
		{6D9BEC25-7C54-429F-B81D-5EC047B30AB0}.Release|Any CPU.Build.0 = Release|Any CPU
	EndGlobalSection
	GlobalSection(SolutionProperties) = preSolution
		HideSolutionNode = FALSE
	EndGlobalSection
	GlobalSection(ExtensibilityGlobals) = postSolution
		SolutionGuid = {171DCB3C-848A-4498-9FCB-E16D831235F6}
	EndGlobalSection
EndGlobal
